
Microsoft Visual Studio Solution File, Format Version 12.00
# Visual Studio Version 17
VisualStudioVersion = 17.14.36429.23 d17.14
MinimumVisualStudioVersion = 10.0.40219.1
Project("{FAE04EC0-301F-11D3-BF4B-00C04F79EFBC}") = "EkranCeviri", "EkranCeviri\EkranCeviri.csproj", "{778D4F79-3075-48A3-B199-A7FC1589C8AF}"
EndProject
Global
	GlobalSection(SolutionConfigurationPlatforms) = preSolution
		Debug|Any CPU = Debug|Any CPU
		Release|Any CPU = Release|Any CPU
	EndGlobalSection
	GlobalSection(ProjectConfigurationPlatforms) = postSolution
		{778D4F79-3075-48A3-B199-A7FC1589C8AF}.Debug|Any CPU.ActiveCfg = Debug|Any CPU
		{778D4F79-3075-48A3-B199-A7FC1589C8AF}.Debug|Any CPU.Build.0 = Debug|Any CPU
		{778D4F79-3075-48A3-B199-A7FC1589C8AF}.Release|Any CPU.ActiveCfg = Release|Any CPU
		{778D4F79-3075-48A3-B199-A7FC1589C8AF}.Release|Any CPU.Build.0 = Release|Any CPU
	EndGlobalSection
	GlobalSection(SolutionProperties) = preSolution
		HideSolutionNode = FALSE
	EndGlobalSection
	GlobalSection(ExtensibilityGlobals) = postSolution
		SolutionGuid = {65564A68-F8A7-4584-82B2-5ACF6DDF2211}
	EndGlobalSection
EndGlobal
